// !$*UTF8*$!
{
	archiveVersion = 1;
	classes = {
	};
	objectVersion = 51;
	objects = {

/* Begin PBXBuildFile section */
		125B43762437B69B00BF5B17 /* UserModel.swift in Sources */ = {isa = PBXBuildFile; fileRef = 125B43752437B69B00BF5B17 /* UserModel.swift */; };
		125B43782437B70500BF5B17 /* SpendingsGroupModel.swift in Sources */ = {isa = PBXBuildFile; fileRef = 125B43772437B70500BF5B17 /* SpendingsGroupModel.swift */; };
		12808B842437A01E00059854 /* AppDelegate.swift in Sources */ = {isa = PBXBuildFile; fileRef = 12808B832437A01E00059854 /* AppDelegate.swift */; };
		12808B862437A01E00059854 /* SceneDelegate.swift in Sources */ = {isa = PBXBuildFile; fileRef = 12808B852437A01E00059854 /* SceneDelegate.swift */; };
		12808B882437A01E00059854 /* ContentView.swift in Sources */ = {isa = PBXBuildFile; fileRef = 12808B872437A01E00059854 /* ContentView.swift */; };
		12808B8A2437A01F00059854 /* Assets.xcassets in Resources */ = {isa = PBXBuildFile; fileRef = 12808B892437A01F00059854 /* Assets.xcassets */; };
		12808B8D2437A01F00059854 /* Preview Assets.xcassets in Resources */ = {isa = PBXBuildFile; fileRef = 12808B8C2437A01F00059854 /* Preview Assets.xcassets */; };
		12808B902437A01F00059854 /* LaunchScreen.storyboard in Resources */ = {isa = PBXBuildFile; fileRef = 12808B8E2437A01F00059854 /* LaunchScreen.storyboard */; };
		12808B9B2437A01F00059854 /* FairShareTests.swift in Sources */ = {isa = PBXBuildFile; fileRef = 12808B9A2437A01F00059854 /* FairShareTests.swift */; };
		12808BA62437A01F00059854 /* FairShareUITests.swift in Sources */ = {isa = PBXBuildFile; fileRef = 12808BA52437A01F00059854 /* FairShareUITests.swift */; };
		129E2018244C4D3100E7DE92 /* LoginView.swift in Sources */ = {isa = PBXBuildFile; fileRef = 129E2017244C4D3100E7DE92 /* LoginView.swift */; };
		1CD84E3C6AFF2DD1B89094A2 /* Pods_FairShare.framework in Frameworks */ = {isa = PBXBuildFile; fileRef = E4125A15918A33640991640B /* Pods_FairShare.framework */; };
		438C63F05988D502EF4EBECE /* Pods_FairShare_FairShareUITests.framework in Frameworks */ = {isa = PBXBuildFile; fileRef = 9CBFEB54BF245D5BD75F0801 /* Pods_FairShare_FairShareUITests.framework */; };
		704E10E57AE25556FFD12BA3 /* Pods_FairShareTests.framework in Frameworks */ = {isa = PBXBuildFile; fileRef = 9A6C0EBDDC16C0CF27E33070 /* Pods_FairShareTests.framework */; };
/* End PBXBuildFile section */

/* Begin PBXContainerItemProxy section */
		12808B972437A01F00059854 /* PBXContainerItemProxy */ = {
			isa = PBXContainerItemProxy;
			containerPortal = 12808B782437A01E00059854 /* Project object */;
			proxyType = 1;
			remoteGlobalIDString = 12808B7F2437A01E00059854;
			remoteInfo = FairShare;
		};
		12808BA22437A01F00059854 /* PBXContainerItemProxy */ = {
			isa = PBXContainerItemProxy;
			containerPortal = 12808B782437A01E00059854 /* Project object */;
			proxyType = 1;
			remoteGlobalIDString = 12808B7F2437A01E00059854;
			remoteInfo = FairShare;
		};
/* End PBXContainerItemProxy section */

/* Begin PBXFileReference section */
		125B43752437B69B00BF5B17 /* UserModel.swift */ = {isa = PBXFileReference; lastKnownFileType = sourcecode.swift; path = UserModel.swift; sourceTree = "<group>"; };
		125B43772437B70500BF5B17 /* SpendingsGroupModel.swift */ = {isa = PBXFileReference; lastKnownFileType = sourcecode.swift; path = SpendingsGroupModel.swift; sourceTree = "<group>"; };
		12808B802437A01E00059854 /* FairShare.app */ = {isa = PBXFileReference; explicitFileType = wrapper.application; includeInIndex = 0; path = FairShare.app; sourceTree = BUILT_PRODUCTS_DIR; };
		12808B832437A01E00059854 /* AppDelegate.swift */ = {isa = PBXFileReference; lastKnownFileType = sourcecode.swift; path = AppDelegate.swift; sourceTree = "<group>"; };
		12808B852437A01E00059854 /* SceneDelegate.swift */ = {isa = PBXFileReference; lastKnownFileType = sourcecode.swift; path = SceneDelegate.swift; sourceTree = "<group>"; };
		12808B872437A01E00059854 /* ContentView.swift */ = {isa = PBXFileReference; lastKnownFileType = sourcecode.swift; path = ContentView.swift; sourceTree = "<group>"; };
		12808B892437A01F00059854 /* Assets.xcassets */ = {isa = PBXFileReference; lastKnownFileType = folder.assetcatalog; path = Assets.xcassets; sourceTree = "<group>"; };
		12808B8C2437A01F00059854 /* Preview Assets.xcassets */ = {isa = PBXFileReference; lastKnownFileType = folder.assetcatalog; path = "Preview Assets.xcassets"; sourceTree = "<group>"; };
		12808B8F2437A01F00059854 /* Base */ = {isa = PBXFileReference; lastKnownFileType = file.storyboard; name = Base; path = Base.lproj/LaunchScreen.storyboard; sourceTree = "<group>"; };
		12808B912437A01F00059854 /* Info.plist */ = {isa = PBXFileReference; lastKnownFileType = text.plist.xml; path = Info.plist; sourceTree = "<group>"; };
		12808B962437A01F00059854 /* FairShareTests.xctest */ = {isa = PBXFileReference; explicitFileType = wrapper.cfbundle; includeInIndex = 0; path = FairShareTests.xctest; sourceTree = BUILT_PRODUCTS_DIR; };
		12808B9A2437A01F00059854 /* FairShareTests.swift */ = {isa = PBXFileReference; lastKnownFileType = sourcecode.swift; path = FairShareTests.swift; sourceTree = "<group>"; };
		12808B9C2437A01F00059854 /* Info.plist */ = {isa = PBXFileReference; lastKnownFileType = text.plist.xml; path = Info.plist; sourceTree = "<group>"; };
		12808BA12437A01F00059854 /* FairShareUITests.xctest */ = {isa = PBXFileReference; explicitFileType = wrapper.cfbundle; includeInIndex = 0; path = FairShareUITests.xctest; sourceTree = BUILT_PRODUCTS_DIR; };
		12808BA52437A01F00059854 /* FairShareUITests.swift */ = {isa = PBXFileReference; lastKnownFileType = sourcecode.swift; path = FairShareUITests.swift; sourceTree = "<group>"; };
		12808BA72437A01F00059854 /* Info.plist */ = {isa = PBXFileReference; lastKnownFileType = text.plist.xml; path = Info.plist; sourceTree = "<group>"; };
		129E2017244C4D3100E7DE92 /* LoginView.swift */ = {isa = PBXFileReference; lastKnownFileType = sourcecode.swift; path = LoginView.swift; sourceTree = "<group>"; };
		12A36BD07A7DB8A21239A3A6 /* Pods-FairShareTests.release.xcconfig */ = {isa = PBXFileReference; includeInIndex = 1; lastKnownFileType = text.xcconfig; name = "Pods-FairShareTests.release.xcconfig"; path = "Target Support Files/Pods-FairShareTests/Pods-FairShareTests.release.xcconfig"; sourceTree = "<group>"; };
		2503C3353FE8F8F7B25D6F4E /* Pods-FairShare.debug.xcconfig */ = {isa = PBXFileReference; includeInIndex = 1; lastKnownFileType = text.xcconfig; name = "Pods-FairShare.debug.xcconfig"; path = "Target Support Files/Pods-FairShare/Pods-FairShare.debug.xcconfig"; sourceTree = "<group>"; };
		2A27B26D2ECBD102D5CA7001 /* Pods-FairShareTests.debug.xcconfig */ = {isa = PBXFileReference; includeInIndex = 1; lastKnownFileType = text.xcconfig; name = "Pods-FairShareTests.debug.xcconfig"; path = "Target Support Files/Pods-FairShareTests/Pods-FairShareTests.debug.xcconfig"; sourceTree = "<group>"; };
		884A079CF02AA56BFE5D60A6 /* Pods-FairShare-FairShareUITests.debug.xcconfig */ = {isa = PBXFileReference; includeInIndex = 1; lastKnownFileType = text.xcconfig; name = "Pods-FairShare-FairShareUITests.debug.xcconfig"; path = "Target Support Files/Pods-FairShare-FairShareUITests/Pods-FairShare-FairShareUITests.debug.xcconfig"; sourceTree = "<group>"; };
		9A6C0EBDDC16C0CF27E33070 /* Pods_FairShareTests.framework */ = {isa = PBXFileReference; explicitFileType = wrapper.framework; includeInIndex = 0; path = Pods_FairShareTests.framework; sourceTree = BUILT_PRODUCTS_DIR; };
		9CBFEB54BF245D5BD75F0801 /* Pods_FairShare_FairShareUITests.framework */ = {isa = PBXFileReference; explicitFileType = wrapper.framework; includeInIndex = 0; path = Pods_FairShare_FairShareUITests.framework; sourceTree = BUILT_PRODUCTS_DIR; };
		B149F051E3E8FD92CB42AD09 /* Pods-FairShare-FairShareUITests.release.xcconfig */ = {isa = PBXFileReference; includeInIndex = 1; lastKnownFileType = text.xcconfig; name = "Pods-FairShare-FairShareUITests.release.xcconfig"; path = "Target Support Files/Pods-FairShare-FairShareUITests/Pods-FairShare-FairShareUITests.release.xcconfig"; sourceTree = "<group>"; };
		BD25A489132D0EE811BD2BC4 /* Pods-FairShare.release.xcconfig */ = {isa = PBXFileReference; includeInIndex = 1; lastKnownFileType = text.xcconfig; name = "Pods-FairShare.release.xcconfig"; path = "Target Support Files/Pods-FairShare/Pods-FairShare.release.xcconfig"; sourceTree = "<group>"; };
		E4125A15918A33640991640B /* Pods_FairShare.framework */ = {isa = PBXFileReference; explicitFileType = wrapper.framework; includeInIndex = 0; path = Pods_FairShare.framework; sourceTree = BUILT_PRODUCTS_DIR; };
/* End PBXFileReference section */

/* Begin PBXFrameworksBuildPhase section */
		12808B7D2437A01E00059854 /* Frameworks */ = {
			isa = PBXFrameworksBuildPhase;
			buildActionMask = 2147483647;
			files = (
				1CD84E3C6AFF2DD1B89094A2 /* Pods_FairShare.framework in Frameworks */,
			);
			runOnlyForDeploymentPostprocessing = 0;
		};
		12808B932437A01F00059854 /* Frameworks */ = {
			isa = PBXFrameworksBuildPhase;
			buildActionMask = 2147483647;
			files = (
				704E10E57AE25556FFD12BA3 /* Pods_FairShareTests.framework in Frameworks */,
			);
			runOnlyForDeploymentPostprocessing = 0;
		};
		12808B9E2437A01F00059854 /* Frameworks */ = {
			isa = PBXFrameworksBuildPhase;
			buildActionMask = 2147483647;
			files = (
				438C63F05988D502EF4EBECE /* Pods_FairShare_FairShareUITests.framework in Frameworks */,
			);
			runOnlyForDeploymentPostprocessing = 0;
		};
/* End PBXFrameworksBuildPhase section */

/* Begin PBXGroup section */
		125B43742437B67F00BF5B17 /* Models */ = {
			isa = PBXGroup;
			children = (
				125B43752437B69B00BF5B17 /* UserModel.swift */,
				125B43772437B70500BF5B17 /* SpendingsGroupModel.swift */,
			);
			path = Models;
			sourceTree = "<group>";
		};
		12808B772437A01E00059854 = {
			isa = PBXGroup;
			children = (
				12CF51C1244A015400ED0010 /* Configs */,
				12808B822437A01E00059854 /* FairShare */,
				12808B992437A01F00059854 /* FairShareTests */,
				12808BA42437A01F00059854 /* FairShareUITests */,
				12808B812437A01E00059854 /* Products */,
				3D7CBE8944AB5A08FFCB924A /* Pods */,
				857832FB68638CACF635DA7C /* Frameworks */,
			);
			sourceTree = "<group>";
		};
		12808B812437A01E00059854 /* Products */ = {
			isa = PBXGroup;
			children = (
				12808B802437A01E00059854 /* FairShare.app */,
				12808B962437A01F00059854 /* FairShareTests.xctest */,
				12808BA12437A01F00059854 /* FairShareUITests.xctest */,
			);
			name = Products;
			sourceTree = "<group>";
		};
		12808B822437A01E00059854 /* FairShare */ = {
			isa = PBXGroup;
			children = (
				125B43742437B67F00BF5B17 /* Models */,
				12808B832437A01E00059854 /* AppDelegate.swift */,
				12808B852437A01E00059854 /* SceneDelegate.swift */,
				12808B872437A01E00059854 /* ContentView.swift */,
				12808B892437A01F00059854 /* Assets.xcassets */,
				12808B912437A01F00059854 /* Info.plist */,
				12808B8E2437A01F00059854 /* LaunchScreen.storyboard */,
				12808B8B2437A01F00059854 /* Preview Content */,
				129E2017244C4D3100E7DE92 /* LoginView.swift */,
			);
			path = FairShare;
			sourceTree = "<group>";
		};
		12808B8B2437A01F00059854 /* Preview Content */ = {
			isa = PBXGroup;
			children = (
				12808B8C2437A01F00059854 /* Preview Assets.xcassets */,
			);
			path = "Preview Content";
			sourceTree = "<group>";
		};
		12808B992437A01F00059854 /* FairShareTests */ = {
			isa = PBXGroup;
			children = (
				12808B9A2437A01F00059854 /* FairShareTests.swift */,
				12808B9C2437A01F00059854 /* Info.plist */,
			);
			path = FairShareTests;
			sourceTree = "<group>";
		};
		12808BA42437A01F00059854 /* FairShareUITests */ = {
			isa = PBXGroup;
			children = (
				12808BA52437A01F00059854 /* FairShareUITests.swift */,
				12808BA72437A01F00059854 /* Info.plist */,
			);
			path = FairShareUITests;
			sourceTree = "<group>";
		};
		12CF51C1244A015400ED0010 /* Configs */ = {
			isa = PBXGroup;
			children = (
			);
			path = Configs;
			sourceTree = "<group>";
		};
		3D7CBE8944AB5A08FFCB924A /* Pods */ = {
			isa = PBXGroup;
			children = (
				2503C3353FE8F8F7B25D6F4E /* Pods-FairShare.debug.xcconfig */,
				BD25A489132D0EE811BD2BC4 /* Pods-FairShare.release.xcconfig */,
				884A079CF02AA56BFE5D60A6 /* Pods-FairShare-FairShareUITests.debug.xcconfig */,
				B149F051E3E8FD92CB42AD09 /* Pods-FairShare-FairShareUITests.release.xcconfig */,
				2A27B26D2ECBD102D5CA7001 /* Pods-FairShareTests.debug.xcconfig */,
				12A36BD07A7DB8A21239A3A6 /* Pods-FairShareTests.release.xcconfig */,
			);
			path = Pods;
			sourceTree = "<group>";
		};
		857832FB68638CACF635DA7C /* Frameworks */ = {
			isa = PBXGroup;
			children = (
				E4125A15918A33640991640B /* Pods_FairShare.framework */,
				9CBFEB54BF245D5BD75F0801 /* Pods_FairShare_FairShareUITests.framework */,
				9A6C0EBDDC16C0CF27E33070 /* Pods_FairShareTests.framework */,
			);
			name = Frameworks;
			sourceTree = "<group>";
		};
/* End PBXGroup section */

/* Begin PBXNativeTarget section */
		12808B7F2437A01E00059854 /* FairShare */ = {
			isa = PBXNativeTarget;
			buildConfigurationList = 12808BAA2437A01F00059854 /* Build configuration list for PBXNativeTarget "FairShare" */;
			buildPhases = (
				5C913EB4721F603363699F9D /* [CP] Check Pods Manifest.lock */,
				12808B7C2437A01E00059854 /* Sources */,
				12808B7D2437A01E00059854 /* Frameworks */,
				12808B7E2437A01E00059854 /* Resources */,
				120162902437A2F300FE2F5E /* SwiftLint */,
				5BDB6E5B2107F8EA921971F2 /* [CP] Embed Pods Frameworks */,
				A948ECD17AE22D6F2D840CF0 /* [CP] Copy Pods Resources */,
			);
			buildRules = (
			);
			dependencies = (
			);
			name = FairShare;
			productName = FairShare;
			productReference = 12808B802437A01E00059854 /* FairShare.app */;
			productType = "com.apple.product-type.application";
		};
		12808B952437A01F00059854 /* FairShareTests */ = {
			isa = PBXNativeTarget;
			buildConfigurationList = 12808BAD2437A01F00059854 /* Build configuration list for PBXNativeTarget "FairShareTests" */;
			buildPhases = (
				D892DC2EEAA7256D82FA851D /* [CP] Check Pods Manifest.lock */,
				12808B922437A01F00059854 /* Sources */,
				12808B932437A01F00059854 /* Frameworks */,
				12808B942437A01F00059854 /* Resources */,
			);
			buildRules = (
			);
			dependencies = (
				12808B982437A01F00059854 /* PBXTargetDependency */,
			);
			name = FairShareTests;
			productName = FairShareTests;
			productReference = 12808B962437A01F00059854 /* FairShareTests.xctest */;
			productType = "com.apple.product-type.bundle.unit-test";
		};
		12808BA02437A01F00059854 /* FairShareUITests */ = {
			isa = PBXNativeTarget;
			buildConfigurationList = 12808BB02437A01F00059854 /* Build configuration list for PBXNativeTarget "FairShareUITests" */;
			buildPhases = (
				261418122F6885E06702BB6C /* [CP] Check Pods Manifest.lock */,
				12808B9D2437A01F00059854 /* Sources */,
				12808B9E2437A01F00059854 /* Frameworks */,
				12808B9F2437A01F00059854 /* Resources */,
				BB42BE8855F5996D6BED9A56 /* [CP] Embed Pods Frameworks */,
				CB38B1D3FD1EC3D46D8BB18F /* [CP] Copy Pods Resources */,
			);
			buildRules = (
			);
			dependencies = (
				12808BA32437A01F00059854 /* PBXTargetDependency */,
			);
			name = FairShareUITests;
			productName = FairShareUITests;
			productReference = 12808BA12437A01F00059854 /* FairShareUITests.xctest */;
			productType = "com.apple.product-type.bundle.ui-testing";
		};
/* End PBXNativeTarget section */

/* Begin PBXProject section */
		12808B782437A01E00059854 /* Project object */ = {
			isa = PBXProject;
			attributes = {
				LastSwiftUpdateCheck = 1140;
				LastUpgradeCheck = 1140;
				ORGANIZATIONNAME = "Talel Dayekh";
				TargetAttributes = {
					12808B7F2437A01E00059854 = {
						CreatedOnToolsVersion = 11.4;
					};
					12808B952437A01F00059854 = {
						CreatedOnToolsVersion = 11.4;
						TestTargetID = 12808B7F2437A01E00059854;
					};
					12808BA02437A01F00059854 = {
						CreatedOnToolsVersion = 11.4;
						TestTargetID = 12808B7F2437A01E00059854;
					};
				};
			};
			buildConfigurationList = 12808B7B2437A01E00059854 /* Build configuration list for PBXProject "FairShare" */;
			compatibilityVersion = "Xcode 9.3";
			developmentRegion = en;
			hasScannedForEncodings = 0;
			knownRegions = (
				en,
				Base,
			);
			mainGroup = 12808B772437A01E00059854;
			productRefGroup = 12808B812437A01E00059854 /* Products */;
			projectDirPath = "";
			projectRoot = "";
			targets = (
				12808B7F2437A01E00059854 /* FairShare */,
				12808B952437A01F00059854 /* FairShareTests */,
				12808BA02437A01F00059854 /* FairShareUITests */,
			);
		};
/* End PBXProject section */

/* Begin PBXResourcesBuildPhase section */
		12808B7E2437A01E00059854 /* Resources */ = {
			isa = PBXResourcesBuildPhase;
			buildActionMask = 2147483647;
			files = (
				12808B902437A01F00059854 /* LaunchScreen.storyboard in Resources */,
				12808B8D2437A01F00059854 /* Preview Assets.xcassets in Resources */,
				12808B8A2437A01F00059854 /* Assets.xcassets in Resources */,
			);
			runOnlyForDeploymentPostprocessing = 0;
		};
		12808B942437A01F00059854 /* Resources */ = {
			isa = PBXResourcesBuildPhase;
			buildActionMask = 2147483647;
			files = (
			);
			runOnlyForDeploymentPostprocessing = 0;
		};
		12808B9F2437A01F00059854 /* Resources */ = {
			isa = PBXResourcesBuildPhase;
			buildActionMask = 2147483647;
			files = (
			);
			runOnlyForDeploymentPostprocessing = 0;
		};
/* End PBXResourcesBuildPhase section */

/* Begin PBXShellScriptBuildPhase section */
		120162902437A2F300FE2F5E /* SwiftLint */ = {
			isa = PBXShellScriptBuildPhase;
			buildActionMask = 2147483647;
			files = (
			);
			inputFileListPaths = (
			);
			inputPaths = (
			);
			name = SwiftLint;
			outputFileListPaths = (
			);
			outputPaths = (
			);
			runOnlyForDeploymentPostprocessing = 0;
			shellPath = /bin/sh;
			shellScript = "if which swiftlint >/dev/null; then\n  swiftlint\nelse\n  echo \"warning: SwiftLint not installed, download from https://github.com/realm/SwiftLint\"\nfi\n";
		};
		261418122F6885E06702BB6C /* [CP] Check Pods Manifest.lock */ = {
			isa = PBXShellScriptBuildPhase;
			buildActionMask = 2147483647;
			files = (
			);
			inputFileListPaths = (
			);
			inputPaths = (
				"${PODS_PODFILE_DIR_PATH}/Podfile.lock",
				"${PODS_ROOT}/Manifest.lock",
			);
			name = "[CP] Check Pods Manifest.lock";
			outputFileListPaths = (
			);
			outputPaths = (
				"$(DERIVED_FILE_DIR)/Pods-FairShare-FairShareUITests-checkManifestLockResult.txt",
			);
			runOnlyForDeploymentPostprocessing = 0;
			shellPath = /bin/sh;
			shellScript = "diff \"${PODS_PODFILE_DIR_PATH}/Podfile.lock\" \"${PODS_ROOT}/Manifest.lock\" > /dev/null\nif [ $? != 0 ] ; then\n    # print error to STDERR\n    echo \"error: The sandbox is not in sync with the Podfile.lock. Run 'pod install' or update your CocoaPods installation.\" >&2\n    exit 1\nfi\n# This output is used by Xcode 'outputs' to avoid re-running this script phase.\necho \"SUCCESS\" > \"${SCRIPT_OUTPUT_FILE_0}\"\n";
			showEnvVarsInLog = 0;
		};
		5BDB6E5B2107F8EA921971F2 /* [CP] Embed Pods Frameworks */ = {
			isa = PBXShellScriptBuildPhase;
			buildActionMask = 2147483647;
			files = (
			);
			inputFileListPaths = (
				"${PODS_ROOT}/Target Support Files/Pods-FairShare/Pods-FairShare-frameworks-${CONFIGURATION}-input-files.xcfilelist",
			);
			name = "[CP] Embed Pods Frameworks";
			outputFileListPaths = (
				"${PODS_ROOT}/Target Support Files/Pods-FairShare/Pods-FairShare-frameworks-${CONFIGURATION}-output-files.xcfilelist",
			);
			runOnlyForDeploymentPostprocessing = 0;
			shellPath = /bin/sh;
			shellScript = "\"${PODS_ROOT}/Target Support Files/Pods-FairShare/Pods-FairShare-frameworks.sh\"\n";
			showEnvVarsInLog = 0;
		};
		5C913EB4721F603363699F9D /* [CP] Check Pods Manifest.lock */ = {
			isa = PBXShellScriptBuildPhase;
			buildActionMask = 2147483647;
			files = (
			);
			inputFileListPaths = (
			);
			inputPaths = (
				"${PODS_PODFILE_DIR_PATH}/Podfile.lock",
				"${PODS_ROOT}/Manifest.lock",
			);
			name = "[CP] Check Pods Manifest.lock";
			outputFileListPaths = (
			);
			outputPaths = (
				"$(DERIVED_FILE_DIR)/Pods-FairShare-checkManifestLockResult.txt",
			);
			runOnlyForDeploymentPostprocessing = 0;
			shellPath = /bin/sh;
			shellScript = "diff \"${PODS_PODFILE_DIR_PATH}/Podfile.lock\" \"${PODS_ROOT}/Manifest.lock\" > /dev/null\nif [ $? != 0 ] ; then\n    # print error to STDERR\n    echo \"error: The sandbox is not in sync with the Podfile.lock. Run 'pod install' or update your CocoaPods installation.\" >&2\n    exit 1\nfi\n# This output is used by Xcode 'outputs' to avoid re-running this script phase.\necho \"SUCCESS\" > \"${SCRIPT_OUTPUT_FILE_0}\"\n";
			showEnvVarsInLog = 0;
		};
		A948ECD17AE22D6F2D840CF0 /* [CP] Copy Pods Resources */ = {
			isa = PBXShellScriptBuildPhase;
			buildActionMask = 2147483647;
			files = (
			);
			inputFileListPaths = (
				"${PODS_ROOT}/Target Support Files/Pods-FairShare/Pods-FairShare-resources-${CONFIGURATION}-input-files.xcfilelist",
			);
			name = "[CP] Copy Pods Resources";
			outputFileListPaths = (
				"${PODS_ROOT}/Target Support Files/Pods-FairShare/Pods-FairShare-resources-${CONFIGURATION}-output-files.xcfilelist",
			);
			runOnlyForDeploymentPostprocessing = 0;
			shellPath = /bin/sh;
			shellScript = "\"${PODS_ROOT}/Target Support Files/Pods-FairShare/Pods-FairShare-resources.sh\"\n";
			showEnvVarsInLog = 0;
		};
		BB42BE8855F5996D6BED9A56 /* [CP] Embed Pods Frameworks */ = {
			isa = PBXShellScriptBuildPhase;
			buildActionMask = 2147483647;
			files = (
			);
			inputFileListPaths = (
				"${PODS_ROOT}/Target Support Files/Pods-FairShare-FairShareUITests/Pods-FairShare-FairShareUITests-frameworks-${CONFIGURATION}-input-files.xcfilelist",
			);
			name = "[CP] Embed Pods Frameworks";
			outputFileListPaths = (
				"${PODS_ROOT}/Target Support Files/Pods-FairShare-FairShareUITests/Pods-FairShare-FairShareUITests-frameworks-${CONFIGURATION}-output-files.xcfilelist",
			);
			runOnlyForDeploymentPostprocessing = 0;
			shellPath = /bin/sh;
			shellScript = "\"${PODS_ROOT}/Target Support Files/Pods-FairShare-FairShareUITests/Pods-FairShare-FairShareUITests-frameworks.sh\"\n";
			showEnvVarsInLog = 0;
		};
		CB38B1D3FD1EC3D46D8BB18F /* [CP] Copy Pods Resources */ = {
			isa = PBXShellScriptBuildPhase;
			buildActionMask = 2147483647;
			files = (
			);
			inputFileListPaths = (
				"${PODS_ROOT}/Target Support Files/Pods-FairShare-FairShareUITests/Pods-FairShare-FairShareUITests-resources-${CONFIGURATION}-input-files.xcfilelist",
			);
			name = "[CP] Copy Pods Resources";
			outputFileListPaths = (
				"${PODS_ROOT}/Target Support Files/Pods-FairShare-FairShareUITests/Pods-FairShare-FairShareUITests-resources-${CONFIGURATION}-output-files.xcfilelist",
			);
			runOnlyForDeploymentPostprocessing = 0;
			shellPath = /bin/sh;
			shellScript = "\"${PODS_ROOT}/Target Support Files/Pods-FairShare-FairShareUITests/Pods-FairShare-FairShareUITests-resources.sh\"\n";
			showEnvVarsInLog = 0;
		};
		D892DC2EEAA7256D82FA851D /* [CP] Check Pods Manifest.lock */ = {
			isa = PBXShellScriptBuildPhase;
			buildActionMask = 2147483647;
			files = (
			);
			inputFileListPaths = (
			);
			inputPaths = (
				"${PODS_PODFILE_DIR_PATH}/Podfile.lock",
				"${PODS_ROOT}/Manifest.lock",
			);
			name = "[CP] Check Pods Manifest.lock";
			outputFileListPaths = (
			);
			outputPaths = (
				"$(DERIVED_FILE_DIR)/Pods-FairShareTests-checkManifestLockResult.txt",
			);
			runOnlyForDeploymentPostprocessing = 0;
			shellPath = /bin/sh;
			shellScript = "diff \"${PODS_PODFILE_DIR_PATH}/Podfile.lock\" \"${PODS_ROOT}/Manifest.lock\" > /dev/null\nif [ $? != 0 ] ; then\n    # print error to STDERR\n    echo \"error: The sandbox is not in sync with the Podfile.lock. Run 'pod install' or update your CocoaPods installation.\" >&2\n    exit 1\nfi\n# This output is used by Xcode 'outputs' to avoid re-running this script phase.\necho \"SUCCESS\" > \"${SCRIPT_OUTPUT_FILE_0}\"\n";
			showEnvVarsInLog = 0;
		};
/* End PBXShellScriptBuildPhase section */

/* Begin PBXSourcesBuildPhase section */
		12808B7C2437A01E00059854 /* Sources */ = {
			isa = PBXSourcesBuildPhase;
			buildActionMask = 2147483647;
			files = (
				12808B842437A01E00059854 /* AppDelegate.swift in Sources */,
				125B43782437B70500BF5B17 /* SpendingsGroupModel.swift in Sources */,
				12808B862437A01E00059854 /* SceneDelegate.swift in Sources */,
				125B43762437B69B00BF5B17 /* UserModel.swift in Sources */,
				12808B882437A01E00059854 /* ContentView.swift in Sources */,
				129E2018244C4D3100E7DE92 /* LoginView.swift in Sources */,
			);
			runOnlyForDeploymentPostprocessing = 0;
		};
		12808B922437A01F00059854 /* Sources */ = {
			isa = PBXSourcesBuildPhase;
			buildActionMask = 2147483647;
			files = (
				12808B9B2437A01F00059854 /* FairShareTests.swift in Sources */,
			);
			runOnlyForDeploymentPostprocessing = 0;
		};
		12808B9D2437A01F00059854 /* Sources */ = {
			isa = PBXSourcesBuildPhase;
			buildActionMask = 2147483647;
			files = (
				12808BA62437A01F00059854 /* FairShareUITests.swift in Sources */,
			);
			runOnlyForDeploymentPostprocessing = 0;
		};
/* End PBXSourcesBuildPhase section */

/* Begin PBXTargetDependency section */
		12808B982437A01F00059854 /* PBXTargetDependency */ = {
			isa = PBXTargetDependency;
			target = 12808B7F2437A01E00059854 /* FairShare */;
			targetProxy = 12808B972437A01F00059854 /* PBXContainerItemProxy */;
		};
		12808BA32437A01F00059854 /* PBXTargetDependency */ = {
			isa = PBXTargetDependency;
			target = 12808B7F2437A01E00059854 /* FairShare */;
			targetProxy = 12808BA22437A01F00059854 /* PBXContainerItemProxy */;
		};
/* End PBXTargetDependency section */

/* Begin PBXVariantGroup section */
		12808B8E2437A01F00059854 /* LaunchScreen.storyboard */ = {
			isa = PBXVariantGroup;
			children = (
				12808B8F2437A01F00059854 /* Base */,
			);
			name = LaunchScreen.storyboard;
			sourceTree = "<group>";
		};
/* End PBXVariantGroup section */

/* Begin XCBuildConfiguration section */
		12808BA82437A01F00059854 /* Debug */ = {
			isa = XCBuildConfiguration;
			buildSettings = {
				ALWAYS_SEARCH_USER_PATHS = NO;
				CLANG_ANALYZER_NONNULL = YES;
				CLANG_ANALYZER_NUMBER_OBJECT_CONVERSION = YES_AGGRESSIVE;
				CLANG_CXX_LANGUAGE_STANDARD = "gnu++14";
				CLANG_CXX_LIBRARY = "libc++";
				CLANG_ENABLE_MODULES = YES;
				CLANG_ENABLE_OBJC_ARC = YES;
				CLANG_ENABLE_OBJC_WEAK = YES;
				CLANG_WARN_BLOCK_CAPTURE_AUTORELEASING = YES;
				CLANG_WARN_BOOL_CONVERSION = YES;
				CLANG_WARN_COMMA = YES;
				CLANG_WARN_CONSTANT_CONVERSION = YES;
				CLANG_WARN_DEPRECATED_OBJC_IMPLEMENTATIONS = YES;
				CLANG_WARN_DIRECT_OBJC_ISA_USAGE = YES_ERROR;
				CLANG_WARN_DOCUMENTATION_COMMENTS = YES;
				CLANG_WARN_EMPTY_BODY = YES;
				CLANG_WARN_ENUM_CONVERSION = YES;
				CLANG_WARN_INFINITE_RECURSION = YES;
				CLANG_WARN_INT_CONVERSION = YES;
				CLANG_WARN_NON_LITERAL_NULL_CONVERSION = YES;
				CLANG_WARN_OBJC_IMPLICIT_RETAIN_SELF = YES;
				CLANG_WARN_OBJC_LITERAL_CONVERSION = YES;
				CLANG_WARN_OBJC_ROOT_CLASS = YES_ERROR;
				CLANG_WARN_RANGE_LOOP_ANALYSIS = YES;
				CLANG_WARN_STRICT_PROTOTYPES = YES;
				CLANG_WARN_SUSPICIOUS_MOVE = YES;
				CLANG_WARN_UNGUARDED_AVAILABILITY = YES_AGGRESSIVE;
				CLANG_WARN_UNREACHABLE_CODE = YES;
				CLANG_WARN__DUPLICATE_METHOD_MATCH = YES;
				COPY_PHASE_STRIP = NO;
				DEBUG_INFORMATION_FORMAT = dwarf;
				ENABLE_STRICT_OBJC_MSGSEND = YES;
				ENABLE_TESTABILITY = YES;
				GCC_C_LANGUAGE_STANDARD = gnu11;
				GCC_DYNAMIC_NO_PIC = NO;
				GCC_NO_COMMON_BLOCKS = YES;
				GCC_OPTIMIZATION_LEVEL = 0;
				GCC_PREPROCESSOR_DEFINITIONS = (
					"DEBUG=1",
					"$(inherited)",
				);
				GCC_WARN_64_TO_32_BIT_CONVERSION = YES;
				GCC_WARN_ABOUT_RETURN_TYPE = YES_ERROR;
				GCC_WARN_UNDECLARED_SELECTOR = YES;
				GCC_WARN_UNINITIALIZED_AUTOS = YES_AGGRESSIVE;
				GCC_WARN_UNUSED_FUNCTION = YES;
				GCC_WARN_UNUSED_VARIABLE = YES;
				IPHONEOS_DEPLOYMENT_TARGET = 13.4;
				MTL_ENABLE_DEBUG_INFO = INCLUDE_SOURCE;
				MTL_FAST_MATH = YES;
				ONLY_ACTIVE_ARCH = YES;
				SDKROOT = iphoneos;
				SWIFT_ACTIVE_COMPILATION_CONDITIONS = DEBUG;
				SWIFT_OPTIMIZATION_LEVEL = "-Onone";
			};
			name = Debug;
		};
		12808BA92437A01F00059854 /* Release */ = {
			isa = XCBuildConfiguration;
			buildSettings = {
				ALWAYS_SEARCH_USER_PATHS = NO;
				CLANG_ANALYZER_NONNULL = YES;
				CLANG_ANALYZER_NUMBER_OBJECT_CONVERSION = YES_AGGRESSIVE;
				CLANG_CXX_LANGUAGE_STANDARD = "gnu++14";
				CLANG_CXX_LIBRARY = "libc++";
				CLANG_ENABLE_MODULES = YES;
				CLANG_ENABLE_OBJC_ARC = YES;
				CLANG_ENABLE_OBJC_WEAK = YES;
				CLANG_WARN_BLOCK_CAPTURE_AUTORELEASING = YES;
				CLANG_WARN_BOOL_CONVERSION = YES;
				CLANG_WARN_COMMA = YES;
				CLANG_WARN_CONSTANT_CONVERSION = YES;
				CLANG_WARN_DEPRECATED_OBJC_IMPLEMENTATIONS = YES;
				CLANG_WARN_DIRECT_OBJC_ISA_USAGE = YES_ERROR;
				CLANG_WARN_DOCUMENTATION_COMMENTS = YES;
				CLANG_WARN_EMPTY_BODY = YES;
				CLANG_WARN_ENUM_CONVERSION = YES;
				CLANG_WARN_INFINITE_RECURSION = YES;
				CLANG_WARN_INT_CONVERSION = YES;
				CLANG_WARN_NON_LITERAL_NULL_CONVERSION = YES;
				CLANG_WARN_OBJC_IMPLICIT_RETAIN_SELF = YES;
				CLANG_WARN_OBJC_LITERAL_CONVERSION = YES;
				CLANG_WARN_OBJC_ROOT_CLASS = YES_ERROR;
				CLANG_WARN_RANGE_LOOP_ANALYSIS = YES;
				CLANG_WARN_STRICT_PROTOTYPES = YES;
				CLANG_WARN_SUSPICIOUS_MOVE = YES;
				CLANG_WARN_UNGUARDED_AVAILABILITY = YES_AGGRESSIVE;
				CLANG_WARN_UNREACHABLE_CODE = YES;
				CLANG_WARN__DUPLICATE_METHOD_MATCH = YES;
				COPY_PHASE_STRIP = NO;
				DEBUG_INFORMATION_FORMAT = "dwarf-with-dsym";
				ENABLE_NS_ASSERTIONS = NO;
				ENABLE_STRICT_OBJC_MSGSEND = YES;
				GCC_C_LANGUAGE_STANDARD = gnu11;
				GCC_NO_COMMON_BLOCKS = YES;
				GCC_WARN_64_TO_32_BIT_CONVERSION = YES;
				GCC_WARN_ABOUT_RETURN_TYPE = YES_ERROR;
				GCC_WARN_UNDECLARED_SELECTOR = YES;
				GCC_WARN_UNINITIALIZED_AUTOS = YES_AGGRESSIVE;
				GCC_WARN_UNUSED_FUNCTION = YES;
				GCC_WARN_UNUSED_VARIABLE = YES;
				IPHONEOS_DEPLOYMENT_TARGET = 13.4;
				MTL_ENABLE_DEBUG_INFO = NO;
				MTL_FAST_MATH = YES;
				SDKROOT = iphoneos;
				SWIFT_COMPILATION_MODE = wholemodule;
				SWIFT_OPTIMIZATION_LEVEL = "-O";
				VALIDATE_PRODUCT = YES;
			};
			name = Release;
		};
		12808BAB2437A01F00059854 /* Debug */ = {
			isa = XCBuildConfiguration;
			baseConfigurationReference = 2503C3353FE8F8F7B25D6F4E /* Pods-FairShare.debug.xcconfig */;
			buildSettings = {
				ASSETCATALOG_COMPILER_APPICON_NAME = AppIcon;
				CODE_SIGN_IDENTITY = "Apple Development";
				CODE_SIGN_STYLE = Automatic;
				DEVELOPMENT_ASSET_PATHS = "\"FairShare/Preview Content\"";
				DEVELOPMENT_TEAM = 9R2N3P967M;
				ENABLE_PREVIEWS = YES;
				INFOPLIST_FILE = FairShare/Info.plist;
				LD_RUNPATH_SEARCH_PATHS = (
					"$(inherited)",
					"@executable_path/Frameworks",
				);
				PRODUCT_BUNDLE_IDENTIFIER = io.talel.FairShare;
				PRODUCT_NAME = "$(TARGET_NAME)";
				PROVISIONING_PROFILE_SPECIFIER = "";
				SWIFT_VERSION = 5.0;
				TARGETED_DEVICE_FAMILY = "1,2";
			};
			name = Debug;
		};
		12808BAC2437A01F00059854 /* Release */ = {
			isa = XCBuildConfiguration;
			baseConfigurationReference = BD25A489132D0EE811BD2BC4 /* Pods-FairShare.release.xcconfig */;
			buildSettings = {
				ASSETCATALOG_COMPILER_APPICON_NAME = AppIcon;
				CODE_SIGN_IDENTITY = "Apple Development";
				CODE_SIGN_STYLE = Automatic;
				DEVELOPMENT_ASSET_PATHS = "\"FairShare/Preview Content\"";
				DEVELOPMENT_TEAM = 9R2N3P967M;
				ENABLE_PREVIEWS = YES;
				INFOPLIST_FILE = FairShare/Info.plist;
				LD_RUNPATH_SEARCH_PATHS = (
					"$(inherited)",
					"@executable_path/Frameworks",
				);
				PRODUCT_BUNDLE_IDENTIFIER = io.talel.FairShare;
				PRODUCT_NAME = "$(TARGET_NAME)";
				PROVISIONING_PROFILE_SPECIFIER = "";
				SWIFT_VERSION = 5.0;
				TARGETED_DEVICE_FAMILY = "1,2";
			};
			name = Release;
		};
		12808BAE2437A01F00059854 /* Debug */ = {
			isa = XCBuildConfiguration;
			baseConfigurationReference = 2A27B26D2ECBD102D5CA7001 /* Pods-FairShareTests.debug.xcconfig */;
			buildSettings = {
				ALWAYS_EMBED_SWIFT_STANDARD_LIBRARIES = YES;
				BUNDLE_LOADER = "$(TEST_HOST)";
				CODE_SIGN_STYLE = Automatic;
				DEVELOPMENT_TEAM = 9R2N3P967M;
				INFOPLIST_FILE = FairShareTests/Info.plist;
				IPHONEOS_DEPLOYMENT_TARGET = 13.4;
				LD_RUNPATH_SEARCH_PATHS = (
					"$(inherited)",
					"@executable_path/Frameworks",
					"@loader_path/Frameworks",
				);
				PRODUCT_BUNDLE_IDENTIFIER = io.talel.FairShareTests;
				PRODUCT_NAME = "$(TARGET_NAME)";
				SWIFT_VERSION = 5.0;
				TARGETED_DEVICE_FAMILY = "1,2";
				TEST_HOST = "$(BUILT_PRODUCTS_DIR)/FairShare.app/FairShare";
			};
			name = Debug;
		};
		12808BAF2437A01F00059854 /* Release */ = {
			isa = XCBuildConfiguration;
			baseConfigurationReference = 12A36BD07A7DB8A21239A3A6 /* Pods-FairShareTests.release.xcconfig */;
			buildSettings = {
				ALWAYS_EMBED_SWIFT_STANDARD_LIBRARIES = YES;
				BUNDLE_LOADER = "$(TEST_HOST)";
				CODE_SIGN_STYLE = Automatic;
				DEVELOPMENT_TEAM = 9R2N3P967M;
				INFOPLIST_FILE = FairShareTests/Info.plist;
				IPHONEOS_DEPLOYMENT_TARGET = 13.4;
				LD_RUNPATH_SEARCH_PATHS = (
					"$(inherited)",
					"@executable_path/Frameworks",
					"@loader_path/Frameworks",
				);
				PRODUCT_BUNDLE_IDENTIFIER = io.talel.FairShareTests;
				PRODUCT_NAME = "$(TARGET_NAME)";
				SWIFT_VERSION = 5.0;
				TARGETED_DEVICE_FAMILY = "1,2";
				TEST_HOST = "$(BUILT_PRODUCTS_DIR)/FairShare.app/FairShare";
			};
			name = Release;
		};
		12808BB12437A01F00059854 /* Debug */ = {
			isa = XCBuildConfiguration;
			baseConfigurationReference = 884A079CF02AA56BFE5D60A6 /* Pods-FairShare-FairShareUITests.debug.xcconfig */;
			buildSettings = {
				ALWAYS_EMBED_SWIFT_STANDARD_LIBRARIES = YES;
				CODE_SIGN_STYLE = Automatic;
				DEVELOPMENT_TEAM = 9R2N3P967M;
				INFOPLIST_FILE = FairShareUITests/Info.plist;
				LD_RUNPATH_SEARCH_PATHS = (
					"$(inherited)",
					"@executable_path/Frameworks",
					"@loader_path/Frameworks",
				);
				PRODUCT_BUNDLE_IDENTIFIER = io.talel.FairShareUITests;
				PRODUCT_NAME = "$(TARGET_NAME)";
				SWIFT_VERSION = 5.0;
				TARGETED_DEVICE_FAMILY = "1,2";
				TEST_TARGET_NAME = FairShare;
			};
			name = Debug;
		};
		12808BB22437A01F00059854 /* Release */ = {
			isa = XCBuildConfiguration;
			baseConfigurationReference = B149F051E3E8FD92CB42AD09 /* Pods-FairShare-FairShareUITests.release.xcconfig */;
			buildSettings = {
				ALWAYS_EMBED_SWIFT_STANDARD_LIBRARIES = YES;
				CODE_SIGN_STYLE = Automatic;
				DEVELOPMENT_TEAM = 9R2N3P967M;
				INFOPLIST_FILE = FairShareUITests/Info.plist;
				LD_RUNPATH_SEARCH_PATHS = (
					"$(inherited)",
					"@executable_path/Frameworks",
					"@loader_path/Frameworks",
				);
				PRODUCT_BUNDLE_IDENTIFIER = io.talel.FairShareUITests;
				PRODUCT_NAME = "$(TARGET_NAME)";
				SWIFT_VERSION = 5.0;
				TARGETED_DEVICE_FAMILY = "1,2";
				TEST_TARGET_NAME = FairShare;
			};
			name = Release;
		};
/* End XCBuildConfiguration section */

/* Begin XCConfigurationList section */
		12808B7B2437A01E00059854 /* Build configuration list for PBXProject "FairShare" */ = {
			isa = XCConfigurationList;
			buildConfigurations = (
				12808BA82437A01F00059854 /* Debug */,
				12808BA92437A01F00059854 /* Release */,
			);
			defaultConfigurationIsVisible = 0;
			defaultConfigurationName = Release;
		};
		12808BAA2437A01F00059854 /* Build configuration list for PBXNativeTarget "FairShare" */ = {
			isa = XCConfigurationList;
			buildConfigurations = (
				12808BAB2437A01F00059854 /* Debug */,
				12808BAC2437A01F00059854 /* Release */,
			);
			defaultConfigurationIsVisible = 0;
			defaultConfigurationName = Release;
		};
		12808BAD2437A01F00059854 /* Build configuration list for PBXNativeTarget "FairShareTests" */ = {
			isa = XCConfigurationList;
			buildConfigurations = (
				12808BAE2437A01F00059854 /* Debug */,
				12808BAF2437A01F00059854 /* Release */,
			);
			defaultConfigurationIsVisible = 0;
			defaultConfigurationName = Release;
		};
		12808BB02437A01F00059854 /* Build configuration list for PBXNativeTarget "FairShareUITests" */ = {
			isa = XCConfigurationList;
			buildConfigurations = (
				12808BB12437A01F00059854 /* Debug */,
				12808BB22437A01F00059854 /* Release */,
			);
			defaultConfigurationIsVisible = 0;
			defaultConfigurationName = Release;
		};
/* End XCConfigurationList section */
	};
	rootObject = 12808B782437A01E00059854 /* Project object */;
}
