// !$*UTF8*$!
{
	archiveVersion = 1;
	classes = {
	};
	objectVersion = 50;
	objects = {

/* Begin PBXBuildFile section */
		125B43762437B69B00BF5B17 /* UserModel.swift in Sources */ = {isa = PBXBuildFile; fileRef = 125B43752437B69B00BF5B17 /* UserModel.swift */; };
		125B43782437B70500BF5B17 /* SpendingsGroupModel.swift in Sources */ = {isa = PBXBuildFile; fileRef = 125B43772437B70500BF5B17 /* SpendingsGroupModel.swift */; };
		12808B842437A01E00059854 /* AppDelegate.swift in Sources */ = {isa = PBXBuildFile; fileRef = 12808B832437A01E00059854 /* AppDelegate.swift */; };
		12808B862437A01E00059854 /* SceneDelegate.swift in Sources */ = {isa = PBXBuildFile; fileRef = 12808B852437A01E00059854 /* SceneDelegate.swift */; };
		12808B882437A01E00059854 /* ContentView.swift in Sources */ = {isa = PBXBuildFile; fileRef = 12808B872437A01E00059854 /* ContentView.swift */; };
		12808B8A2437A01F00059854 /* Assets.xcassets in Resources */ = {isa = PBXBuildFile; fileRef = 12808B892437A01F00059854 /* Assets.xcassets */; };
		12808B8D2437A01F00059854 /* Preview Assets.xcassets in Resources */ = {isa = PBXBuildFile; fileRef = 12808B8C2437A01F00059854 /* Preview Assets.xcassets */; };
		12808B902437A01F00059854 /* LaunchScreen.storyboard in Resources */ = {isa = PBXBuildFile; fileRef = 12808B8E2437A01F00059854 /* LaunchScreen.storyboard */; };
		12808B9B2437A01F00059854 /* FairShareTests.swift in Sources */ = {isa = PBXBuildFile; fileRef = 12808B9A2437A01F00059854 /* FairShareTests.swift */; };
		12808BA62437A01F00059854 /* FairShareUITests.swift in Sources */ = {isa = PBXBuildFile; fileRef = 12808BA52437A01F00059854 /* FairShareUITests.swift */; };
/* End PBXBuildFile section */

/* Begin PBXContainerItemProxy section */
		12808B972437A01F00059854 /* PBXContainerItemProxy */ = {
			isa = PBXContainerItemProxy;
			containerPortal = 12808B782437A01E00059854 /* Project object */;
			proxyType = 1;
			remoteGlobalIDString = 12808B7F2437A01E00059854;
			remoteInfo = FairShare;
		};
		12808BA22437A01F00059854 /* PBXContainerItemProxy */ = {
			isa = PBXContainerItemProxy;
			containerPortal = 12808B782437A01E00059854 /* Project object */;
			proxyType = 1;
			remoteGlobalIDString = 12808B7F2437A01E00059854;
			remoteInfo = FairShare;
		};
/* End PBXContainerItemProxy section */

/* Begin PBXFileReference section */
		125B43752437B69B00BF5B17 /* UserModel.swift */ = {isa = PBXFileReference; lastKnownFileType = sourcecode.swift; path = UserModel.swift; sourceTree = "<group>"; };
		125B43772437B70500BF5B17 /* SpendingsGroupModel.swift */ = {isa = PBXFileReference; lastKnownFileType = sourcecode.swift; path = SpendingsGroupModel.swift; sourceTree = "<group>"; };
		12808B802437A01E00059854 /* FairShare.app */ = {isa = PBXFileReference; explicitFileType = wrapper.application; includeInIndex = 0; path = FairShare.app; sourceTree = BUILT_PRODUCTS_DIR; };
		12808B832437A01E00059854 /* AppDelegate.swift */ = {isa = PBXFileReference; lastKnownFileType = sourcecode.swift; path = AppDelegate.swift; sourceTree = "<group>"; };
		12808B852437A01E00059854 /* SceneDelegate.swift */ = {isa = PBXFileReference; lastKnownFileType = sourcecode.swift; path = SceneDelegate.swift; sourceTree = "<group>"; };
		12808B872437A01E00059854 /* ContentView.swift */ = {isa = PBXFileReference; lastKnownFileType = sourcecode.swift; path = ContentView.swift; sourceTree = "<group>"; };
		12808B892437A01F00059854 /* Assets.xcassets */ = {isa = PBXFileReference; lastKnownFileType = folder.assetcatalog; path = Assets.xcassets; sourceTree = "<group>"; };
		12808B8C2437A01F00059854 /* Preview Assets.xcassets */ = {isa = PBXFileReference; lastKnownFileType = folder.assetcatalog; path = "Preview Assets.xcassets"; sourceTree = "<group>"; };
		12808B8F2437A01F00059854 /* Base */ = {isa = PBXFileReference; lastKnownFileType = file.storyboard; name = Base; path = Base.lproj/LaunchScreen.storyboard; sourceTree = "<group>"; };
		12808B912437A01F00059854 /* Info.plist */ = {isa = PBXFileReference; lastKnownFileType = text.plist.xml; path = Info.plist; sourceTree = "<group>"; };
		12808B962437A01F00059854 /* FairShareTests.xctest */ = {isa = PBXFileReference; explicitFileType = wrapper.cfbundle; includeInIndex = 0; path = FairShareTests.xctest; sourceTree = BUILT_PRODUCTS_DIR; };
		12808B9A2437A01F00059854 /* FairShareTests.swift */ = {isa = PBXFileReference; lastKnownFileType = sourcecode.swift; path = FairShareTests.swift; sourceTree = "<group>"; };
		12808B9C2437A01F00059854 /* Info.plist */ = {isa = PBXFileReference; lastKnownFileType = text.plist.xml; path = Info.plist; sourceTree = "<group>"; };
		12808BA12437A01F00059854 /* FairShareUITests.xctest */ = {isa = PBXFileReference; explicitFileType = wrapper.cfbundle; includeInIndex = 0; path = FairShareUITests.xctest; sourceTree = BUILT_PRODUCTS_DIR; };
		12808BA52437A01F00059854 /* FairShareUITests.swift */ = {isa = PBXFileReference; lastKnownFileType = sourcecode.swift; path = FairShareUITests.swift; sourceTree = "<group>"; };
		12808BA72437A01F00059854 /* Info.plist */ = {isa = PBXFileReference; lastKnownFileType = text.plist.xml; path = Info.plist; sourceTree = "<group>"; };
/* End PBXFileReference section */

/* Begin PBXFrameworksBuildPhase section */
		12808B7D2437A01E00059854 /* Frameworks */ = {
			isa = PBXFrameworksBuildPhase;
			buildActionMask = 2147483647;
			files = (
			);
			runOnlyForDeploymentPostprocessing = 0;
		};
		12808B932437A01F00059854 /* Frameworks */ = {
			isa = PBXFrameworksBuildPhase;
			buildActionMask = 2147483647;
			files = (
			);
			runOnlyForDeploymentPostprocessing = 0;
		};
		12808B9E2437A01F00059854 /* Frameworks */ = {
			isa = PBXFrameworksBuildPhase;
			buildActionMask = 2147483647;
			files = (
			);
			runOnlyForDeploymentPostprocessing = 0;
		};
/* End PBXFrameworksBuildPhase section */

/* Begin PBXGroup section */
		125B43742437B67F00BF5B17 /* Models */ = {
			isa = PBXGroup;
			children = (
				125B43752437B69B00BF5B17 /* UserModel.swift */,
				125B43772437B70500BF5B17 /* SpendingsGroupModel.swift */,
			);
			path = Models;
			sourceTree = "<group>";
		};
		12808B772437A01E00059854 = {
			isa = PBXGroup;
			children = (
				12808B822437A01E00059854 /* FairShare */,
				12808B992437A01F00059854 /* FairShareTests */,
				12808BA42437A01F00059854 /* FairShareUITests */,
				12808B812437A01E00059854 /* Products */,
			);
			sourceTree = "<group>";
		};
		12808B812437A01E00059854 /* Products */ = {
			isa = PBXGroup;
			children = (
				12808B802437A01E00059854 /* FairShare.app */,
				12808B962437A01F00059854 /* FairShareTests.xctest */,
				12808BA12437A01F00059854 /* FairShareUITests.xctest */,
			);
			name = Products;
			sourceTree = "<group>";
		};
		12808B822437A01E00059854 /* FairShare */ = {
			isa = PBXGroup;
			children = (
				125B43742437B67F00BF5B17 /* Models */,
				12808B832437A01E00059854 /* AppDelegate.swift */,
				12808B852437A01E00059854 /* SceneDelegate.swift */,
				12808B872437A01E00059854 /* ContentView.swift */,
				12808B892437A01F00059854 /* Assets.xcassets */,
				12808B8E2437A01F00059854 /* LaunchScreen.storyboard */,
				12808B912437A01F00059854 /* Info.plist */,
				12808B8B2437A01F00059854 /* Preview Content */,
			);
			path = FairShare;
			sourceTree = "<group>";
		};
		12808B8B2437A01F00059854 /* Preview Content */ = {
			isa = PBXGroup;
			children = (
				12808B8C2437A01F00059854 /* Preview Assets.xcassets */,
			);
			path = "Preview Content";
			sourceTree = "<group>";
		};
		12808B992437A01F00059854 /* FairShareTests */ = {
			isa = PBXGroup;
			children = (
				12808B9A2437A01F00059854 /* FairShareTests.swift */,
				12808B9C2437A01F00059854 /* Info.plist */,
			);
			path = FairShareTests;
			sourceTree = "<group>";
		};
		12808BA42437A01F00059854 /* FairShareUITests */ = {
			isa = PBXGroup;
			children = (
				12808BA52437A01F00059854 /* FairShareUITests.swift */,
				12808BA72437A01F00059854 /* Info.plist */,
			);
			path = FairShareUITests;
			sourceTree = "<group>";
		};
/* End PBXGroup section */

/* Begin PBXNativeTarget section */
		12808B7F2437A01E00059854 /* FairShare */ = {
			isa = PBXNativeTarget;
			buildConfigurationList = 12808BAA2437A01F00059854 /* Build configuration list for PBXNativeTarget "FairShare" */;
			buildPhases = (
				12808B7C2437A01E00059854 /* Sources */,
				12808B7D2437A01E00059854 /* Frameworks */,
				12808B7E2437A01E00059854 /* Resources */,
				120162902437A2F300FE2F5E /* SwiftLint */,
			);
			buildRules = (
			);
			dependencies = (
			);
			name = FairShare;
			productName = FairShare;
			productReference = 12808B802437A01E00059854 /* FairShare.app */;
			productType = "com.apple.product-type.application";
		};
		12808B952437A01F00059854 /* FairShareTests */ = {
			isa = PBXNativeTarget;
			buildConfigurationList = 12808BAD2437A01F00059854 /* Build configuration list for PBXNativeTarget "FairShareTests" */;
			buildPhases = (
				12808B922437A01F00059854 /* Sources */,
				12808B932437A01F00059854 /* Frameworks */,
				12808B942437A01F00059854 /* Resources */,
			);
			buildRules = (
			);
			dependencies = (
				12808B982437A01F00059854 /* PBXTargetDependency */,
			);
			name = FairShareTests;
			productName = FairShareTests;
			productReference = 12808B962437A01F00059854 /* FairShareTests.xctest */;
			productType = "com.apple.product-type.bundle.unit-test";
		};
		12808BA02437A01F00059854 /* FairShareUITests */ = {
			isa = PBXNativeTarget;
			buildConfigurationList = 12808BB02437A01F00059854 /* Build configuration list for PBXNativeTarget "FairShareUITests" */;
			buildPhases = (
				12808B9D2437A01F00059854 /* Sources */,
				12808B9E2437A01F00059854 /* Frameworks */,
				12808B9F2437A01F00059854 /* Resources */,
			);
			buildRules = (
			);
			dependencies = (
				12808BA32437A01F00059854 /* PBXTargetDependency */,
			);
			name = FairShareUITests;
			productName = FairShareUITests;
			productReference = 12808BA12437A01F00059854 /* FairShareUITests.xctest */;
			productType = "com.apple.product-type.bundle.ui-testing";
		};
/* End PBXNativeTarget section */

/* Begin PBXProject section */
		12808B782437A01E00059854 /* Project object */ = {
			isa = PBXProject;
			attributes = {
				LastSwiftUpdateCheck = 1140;
				LastUpgradeCheck = 1140;
				ORGANIZATIONNAME = "Talel Dayekh";
				TargetAttributes = {
					12808B7F2437A01E00059854 = {
						CreatedOnToolsVersion = 11.4;
					};
					12808B952437A01F00059854 = {
						CreatedOnToolsVersion = 11.4;
						TestTargetID = 12808B7F2437A01E00059854;
					};
					12808BA02437A01F00059854 = {
						CreatedOnToolsVersion = 11.4;
						TestTargetID = 12808B7F2437A01E00059854;
					};
				};
			};
			buildConfigurationList = 12808B7B2437A01E00059854 /* Build configuration list for PBXProject "FairShare" */;
			compatibilityVersion = "Xcode 9.3";
			developmentRegion = en;
			hasScannedForEncodings = 0;
			knownRegions = (
				en,
				Base,
			);
			mainGroup = 12808B772437A01E00059854;
			productRefGroup = 12808B812437A01E00059854 /* Products */;
			projectDirPath = "";
			projectRoot = "";
			targets = (
				12808B7F2437A01E00059854 /* FairShare */,
				12808B952437A01F00059854 /* FairShareTests */,
				12808BA02437A01F00059854 /* FairShareUITests */,
			);
		};
/* End PBXProject section */

/* Begin PBXResourcesBuildPhase section */
		12808B7E2437A01E00059854 /* Resources */ = {
			isa = PBXResourcesBuildPhase;
			buildActionMask = 2147483647;
			files = (
				12808B902437A01F00059854 /* LaunchScreen.storyboard in Resources */,
				12808B8D2437A01F00059854 /* Preview Assets.xcassets in Resources */,
				12808B8A2437A01F00059854 /* Assets.xcassets in Resources */,
			);
			runOnlyForDeploymentPostprocessing = 0;
		};
		12808B942437A01F00059854 /* Resources */ = {
			isa = PBXResourcesBuildPhase;
			buildActionMask = 2147483647;
			files = (
			);
			runOnlyForDeploymentPostprocessing = 0;
		};
		12808B9F2437A01F00059854 /* Resources */ = {
			isa = PBXResourcesBuildPhase;
			buildActionMask = 2147483647;
			files = (
			);
			runOnlyForDeploymentPostprocessing = 0;
		};
/* End PBXResourcesBuildPhase section */

/* Begin PBXShellScriptBuildPhase section */
		120162902437A2F300FE2F5E /* SwiftLint */ = {
			isa = PBXShellScriptBuildPhase;
			buildActionMask = 2147483647;
			files = (
			);
			inputFileListPaths = (
			);
			inputPaths = (
			);
			name = SwiftLint;
			outputFileListPaths = (
			);
			outputPaths = (
			);
			runOnlyForDeploymentPostprocessing = 0;
			shellPath = /bin/sh;
			shellScript = "if which swiftlint >/dev/null; then\n  swiftlint\nelse\n  echo \"warning: SwiftLint not installed, download from https://github.com/realm/SwiftLint\"\nfi\n";
		};
/* End PBXShellScriptBuildPhase section */

/* Begin PBXSourcesBuildPhase section */
		12808B7C2437A01E00059854 /* Sources */ = {
			isa = PBXSourcesBuildPhase;
			buildActionMask = 2147483647;
			files = (
				12808B842437A01E00059854 /* AppDelegate.swift in Sources */,
				125B43782437B70500BF5B17 /* SpendingsGroupModel.swift in Sources */,
				12808B862437A01E00059854 /* SceneDelegate.swift in Sources */,
				125B43762437B69B00BF5B17 /* UserModel.swift in Sources */,
				12808B882437A01E00059854 /* ContentView.swift in Sources */,
			);
			runOnlyForDeploymentPostprocessing = 0;
		};
		12808B922437A01F00059854 /* Sources */ = {
			isa = PBXSourcesBuildPhase;
			buildActionMask = 2147483647;
			files = (
				12808B9B2437A01F00059854 /* FairShareTests.swift in Sources */,
			);
			runOnlyForDeploymentPostprocessing = 0;
		};
		12808B9D2437A01F00059854 /* Sources */ = {
			isa = PBXSourcesBuildPhase;
			buildActionMask = 2147483647;
			files = (
				12808BA62437A01F00059854 /* FairShareUITests.swift in Sources */,
			);
			runOnlyForDeploymentPostprocessing = 0;
		};
/* End PBXSourcesBuildPhase section */

/* Begin PBXTargetDependency section */
		12808B982437A01F00059854 /* PBXTargetDependency */ = {
			isa = PBXTargetDependency;
			target = 12808B7F2437A01E00059854 /* FairShare */;
			targetProxy = 12808B972437A01F00059854 /* PBXContainerItemProxy */;
		};
		12808BA32437A01F00059854 /* PBXTargetDependency */ = {
			isa = PBXTargetDependency;
			target = 12808B7F2437A01E00059854 /* FairShare */;
			targetProxy = 12808BA22437A01F00059854 /* PBXContainerItemProxy */;
		};
/* End PBXTargetDependency section */

/* Begin PBXVariantGroup section */
		12808B8E2437A01F00059854 /* LaunchScreen.storyboard */ = {
			isa = PBXVariantGroup;
			children = (
				12808B8F2437A01F00059854 /* Base */,
			);
			name = LaunchScreen.storyboard;
			sourceTree = "<group>";
		};
/* End PBXVariantGroup section */

/* Begin XCBuildConfiguration section */
		12808BA82437A01F00059854 /* Debug */ = {
			isa = XCBuildConfiguration;
			buildSettings = {
				ALWAYS_SEARCH_USER_PATHS = NO;
				CLANG_ANALYZER_NONNULL = YES;
				CLANG_ANALYZER_NUMBER_OBJECT_CONVERSION = YES_AGGRESSIVE;
				CLANG_CXX_LANGUAGE_STANDARD = "gnu++14";
				CLANG_CXX_LIBRARY = "libc++";
				CLANG_ENABLE_MODULES = YES;
				CLANG_ENABLE_OBJC_ARC = YES;
				CLANG_ENABLE_OBJC_WEAK = YES;
				CLANG_WARN_BLOCK_CAPTURE_AUTORELEASING = YES;
				CLANG_WARN_BOOL_CONVERSION = YES;
				CLANG_WARN_COMMA = YES;
				CLANG_WARN_CONSTANT_CONVERSION = YES;
				CLANG_WARN_DEPRECATED_OBJC_IMPLEMENTATIONS = YES;
				CLANG_WARN_DIRECT_OBJC_ISA_USAGE = YES_ERROR;
				CLANG_WARN_DOCUMENTATION_COMMENTS = YES;
				CLANG_WARN_EMPTY_BODY = YES;
				CLANG_WARN_ENUM_CONVERSION = YES;
				CLANG_WARN_INFINITE_RECURSION = YES;
				CLANG_WARN_INT_CONVERSION = YES;
				CLANG_WARN_NON_LITERAL_NULL_CONVERSION = YES;
				CLANG_WARN_OBJC_IMPLICIT_RETAIN_SELF = YES;
				CLANG_WARN_OBJC_LITERAL_CONVERSION = YES;
				CLANG_WARN_OBJC_ROOT_CLASS = YES_ERROR;
				CLANG_WARN_RANGE_LOOP_ANALYSIS = YES;
				CLANG_WARN_STRICT_PROTOTYPES = YES;
				CLANG_WARN_SUSPICIOUS_MOVE = YES;
				CLANG_WARN_UNGUARDED_AVAILABILITY = YES_AGGRESSIVE;
				CLANG_WARN_UNREACHABLE_CODE = YES;
				CLANG_WARN__DUPLICATE_METHOD_MATCH = YES;
				COPY_PHASE_STRIP = NO;
				DEBUG_INFORMATION_FORMAT = dwarf;
				ENABLE_STRICT_OBJC_MSGSEND = YES;
				ENABLE_TESTABILITY = YES;
				GCC_C_LANGUAGE_STANDARD = gnu11;
				GCC_DYNAMIC_NO_PIC = NO;
				GCC_NO_COMMON_BLOCKS = YES;
				GCC_OPTIMIZATION_LEVEL = 0;
				GCC_PREPROCESSOR_DEFINITIONS = (
					"DEBUG=1",
					"$(inherited)",
				);
				GCC_WARN_64_TO_32_BIT_CONVERSION = YES;
				GCC_WARN_ABOUT_RETURN_TYPE = YES_ERROR;
				GCC_WARN_UNDECLARED_SELECTOR = YES;
				GCC_WARN_UNINITIALIZED_AUTOS = YES_AGGRESSIVE;
				GCC_WARN_UNUSED_FUNCTION = YES;
				GCC_WARN_UNUSED_VARIABLE = YES;
				IPHONEOS_DEPLOYMENT_TARGET = 13.4;
				MTL_ENABLE_DEBUG_INFO = INCLUDE_SOURCE;
				MTL_FAST_MATH = YES;
				ONLY_ACTIVE_ARCH = YES;
				SDKROOT = iphoneos;
				SWIFT_ACTIVE_COMPILATION_CONDITIONS = DEBUG;
				SWIFT_OPTIMIZATION_LEVEL = "-Onone";
			};
			name = Debug;
		};
		12808BA92437A01F00059854 /* Release */ = {
			isa = XCBuildConfiguration;
			buildSettings = {
				ALWAYS_SEARCH_USER_PATHS = NO;
				CLANG_ANALYZER_NONNULL = YES;
				CLANG_ANALYZER_NUMBER_OBJECT_CONVERSION = YES_AGGRESSIVE;
				CLANG_CXX_LANGUAGE_STANDARD = "gnu++14";
				CLANG_CXX_LIBRARY = "libc++";
				CLANG_ENABLE_MODULES = YES;
				CLANG_ENABLE_OBJC_ARC = YES;
				CLANG_ENABLE_OBJC_WEAK = YES;
				CLANG_WARN_BLOCK_CAPTURE_AUTORELEASING = YES;
				CLANG_WARN_BOOL_CONVERSION = YES;
				CLANG_WARN_COMMA = YES;
				CLANG_WARN_CONSTANT_CONVERSION = YES;
				CLANG_WARN_DEPRECATED_OBJC_IMPLEMENTATIONS = YES;
				CLANG_WARN_DIRECT_OBJC_ISA_USAGE = YES_ERROR;
				CLANG_WARN_DOCUMENTATION_COMMENTS = YES;
				CLANG_WARN_EMPTY_BODY = YES;
				CLANG_WARN_ENUM_CONVERSION = YES;
				CLANG_WARN_INFINITE_RECURSION = YES;
				CLANG_WARN_INT_CONVERSION = YES;
				CLANG_WARN_NON_LITERAL_NULL_CONVERSION = YES;
				CLANG_WARN_OBJC_IMPLICIT_RETAIN_SELF = YES;
				CLANG_WARN_OBJC_LITERAL_CONVERSION = YES;
				CLANG_WARN_OBJC_ROOT_CLASS = YES_ERROR;
				CLANG_WARN_RANGE_LOOP_ANALYSIS = YES;
				CLANG_WARN_STRICT_PROTOTYPES = YES;
				CLANG_WARN_SUSPICIOUS_MOVE = YES;
				CLANG_WARN_UNGUARDED_AVAILABILITY = YES_AGGRESSIVE;
				CLANG_WARN_UNREACHABLE_CODE = YES;
				CLANG_WARN__DUPLICATE_METHOD_MATCH = YES;
				COPY_PHASE_STRIP = NO;
				DEBUG_INFORMATION_FORMAT = "dwarf-with-dsym";
				ENABLE_NS_ASSERTIONS = NO;
				ENABLE_STRICT_OBJC_MSGSEND = YES;
				GCC_C_LANGUAGE_STANDARD = gnu11;
				GCC_NO_COMMON_BLOCKS = YES;
				GCC_WARN_64_TO_32_BIT_CONVERSION = YES;
				GCC_WARN_ABOUT_RETURN_TYPE = YES_ERROR;
				GCC_WARN_UNDECLARED_SELECTOR = YES;
				GCC_WARN_UNINITIALIZED_AUTOS = YES_AGGRESSIVE;
				GCC_WARN_UNUSED_FUNCTION = YES;
				GCC_WARN_UNUSED_VARIABLE = YES;
				IPHONEOS_DEPLOYMENT_TARGET = 13.4;
				MTL_ENABLE_DEBUG_INFO = NO;
				MTL_FAST_MATH = YES;
				SDKROOT = iphoneos;
				SWIFT_COMPILATION_MODE = wholemodule;
				SWIFT_OPTIMIZATION_LEVEL = "-O";
				VALIDATE_PRODUCT = YES;
			};
			name = Release;
		};
		12808BAB2437A01F00059854 /* Debug */ = {
			isa = XCBuildConfiguration;
			buildSettings = {
				ASSETCATALOG_COMPILER_APPICON_NAME = AppIcon;
				CODE_SIGN_IDENTITY = "Apple Development";
				CODE_SIGN_STYLE = Automatic;
				DEVELOPMENT_ASSET_PATHS = "\"FairShare/Preview Content\"";
				DEVELOPMENT_TEAM = 9R2N3P967M;
				ENABLE_PREVIEWS = YES;
				INFOPLIST_FILE = FairShare/Info.plist;
				LD_RUNPATH_SEARCH_PATHS = (
					"$(inherited)",
					"@executable_path/Frameworks",
				);
				PRODUCT_BUNDLE_IDENTIFIER = io.talel.FairShare;
				PRODUCT_NAME = "$(TARGET_NAME)";
				PROVISIONING_PROFILE_SPECIFIER = "";
				SWIFT_VERSION = 5.0;
				TARGETED_DEVICE_FAMILY = "1,2";
			};
			name = Debug;
		};
		12808BAC2437A01F00059854 /* Release */ = {
			isa = XCBuildConfiguration;
			buildSettings = {
				ASSETCATALOG_COMPILER_APPICON_NAME = AppIcon;
				CODE_SIGN_IDENTITY = "Apple Development";
				CODE_SIGN_STYLE = Automatic;
				DEVELOPMENT_ASSET_PATHS = "\"FairShare/Preview Content\"";
				DEVELOPMENT_TEAM = 9R2N3P967M;
				ENABLE_PREVIEWS = YES;
				INFOPLIST_FILE = FairShare/Info.plist;
				LD_RUNPATH_SEARCH_PATHS = (
					"$(inherited)",
					"@executable_path/Frameworks",
				);
				PRODUCT_BUNDLE_IDENTIFIER = io.talel.FairShare;
				PRODUCT_NAME = "$(TARGET_NAME)";
				PROVISIONING_PROFILE_SPECIFIER = "";
				SWIFT_VERSION = 5.0;
				TARGETED_DEVICE_FAMILY = "1,2";
			};
			name = Release;
		};
		12808BAE2437A01F00059854 /* Debug */ = {
			isa = XCBuildConfiguration;
			buildSettings = {
				ALWAYS_EMBED_SWIFT_STANDARD_LIBRARIES = YES;
				BUNDLE_LOADER = "$(TEST_HOST)";
				CODE_SIGN_STYLE = Automatic;
				DEVELOPMENT_TEAM = 9R2N3P967M;
				INFOPLIST_FILE = FairShareTests/Info.plist;
				IPHONEOS_DEPLOYMENT_TARGET = 13.4;
				LD_RUNPATH_SEARCH_PATHS = (
					"$(inherited)",
					"@executable_path/Frameworks",
					"@loader_path/Frameworks",
				);
				PRODUCT_BUNDLE_IDENTIFIER = io.talel.FairShareTests;
				PRODUCT_NAME = "$(TARGET_NAME)";
				SWIFT_VERSION = 5.0;
				TARGETED_DEVICE_FAMILY = "1,2";
				TEST_HOST = "$(BUILT_PRODUCTS_DIR)/FairShare.app/FairShare";
			};
			name = Debug;
		};
		12808BAF2437A01F00059854 /* Release */ = {
			isa = XCBuildConfiguration;
			buildSettings = {
				ALWAYS_EMBED_SWIFT_STANDARD_LIBRARIES = YES;
				BUNDLE_LOADER = "$(TEST_HOST)";
				CODE_SIGN_STYLE = Automatic;
				DEVELOPMENT_TEAM = 9R2N3P967M;
				INFOPLIST_FILE = FairShareTests/Info.plist;
				IPHONEOS_DEPLOYMENT_TARGET = 13.4;
				LD_RUNPATH_SEARCH_PATHS = (
					"$(inherited)",
					"@executable_path/Frameworks",
					"@loader_path/Frameworks",
				);
				PRODUCT_BUNDLE_IDENTIFIER = io.talel.FairShareTests;
				PRODUCT_NAME = "$(TARGET_NAME)";
				SWIFT_VERSION = 5.0;
				TARGETED_DEVICE_FAMILY = "1,2";
				TEST_HOST = "$(BUILT_PRODUCTS_DIR)/FairShare.app/FairShare";
			};
			name = Release;
		};
		12808BB12437A01F00059854 /* Debug */ = {
			isa = XCBuildConfiguration;
			buildSettings = {
				ALWAYS_EMBED_SWIFT_STANDARD_LIBRARIES = YES;
				CODE_SIGN_STYLE = Automatic;
				DEVELOPMENT_TEAM = 9R2N3P967M;
				INFOPLIST_FILE = FairShareUITests/Info.plist;
				LD_RUNPATH_SEARCH_PATHS = (
					"$(inherited)",
					"@executable_path/Frameworks",
					"@loader_path/Frameworks",
				);
				PRODUCT_BUNDLE_IDENTIFIER = io.talel.FairShareUITests;
				PRODUCT_NAME = "$(TARGET_NAME)";
				SWIFT_VERSION = 5.0;
				TARGETED_DEVICE_FAMILY = "1,2";
				TEST_TARGET_NAME = FairShare;
			};
			name = Debug;
		};
		12808BB22437A01F00059854 /* Release */ = {
			isa = XCBuildConfiguration;
			buildSettings = {
				ALWAYS_EMBED_SWIFT_STANDARD_LIBRARIES = YES;
				CODE_SIGN_STYLE = Automatic;
				DEVELOPMENT_TEAM = 9R2N3P967M;
				INFOPLIST_FILE = FairShareUITests/Info.plist;
				LD_RUNPATH_SEARCH_PATHS = (
					"$(inherited)",
					"@executable_path/Frameworks",
					"@loader_path/Frameworks",
				);
				PRODUCT_BUNDLE_IDENTIFIER = io.talel.FairShareUITests;
				PRODUCT_NAME = "$(TARGET_NAME)";
				SWIFT_VERSION = 5.0;
				TARGETED_DEVICE_FAMILY = "1,2";
				TEST_TARGET_NAME = FairShare;
			};
			name = Release;
		};
/* End XCBuildConfiguration section */

/* Begin XCConfigurationList section */
		12808B7B2437A01E00059854 /* Build configuration list for PBXProject "FairShare" */ = {
			isa = XCConfigurationList;
			buildConfigurations = (
				12808BA82437A01F00059854 /* Debug */,
				12808BA92437A01F00059854 /* Release */,
			);
			defaultConfigurationIsVisible = 0;
			defaultConfigurationName = Release;
		};
		12808BAA2437A01F00059854 /* Build configuration list for PBXNativeTarget "FairShare" */ = {
			isa = XCConfigurationList;
			buildConfigurations = (
				12808BAB2437A01F00059854 /* Debug */,
				12808BAC2437A01F00059854 /* Release */,
			);
			defaultConfigurationIsVisible = 0;
			defaultConfigurationName = Release;
		};
		12808BAD2437A01F00059854 /* Build configuration list for PBXNativeTarget "FairShareTests" */ = {
			isa = XCConfigurationList;
			buildConfigurations = (
				12808BAE2437A01F00059854 /* Debug */,
				12808BAF2437A01F00059854 /* Release */,
			);
			defaultConfigurationIsVisible = 0;
			defaultConfigurationName = Release;
		};
		12808BB02437A01F00059854 /* Build configuration list for PBXNativeTarget "FairShareUITests" */ = {
			isa = XCConfigurationList;
			buildConfigurations = (
				12808BB12437A01F00059854 /* Debug */,
				12808BB22437A01F00059854 /* Release */,
			);
			defaultConfigurationIsVisible = 0;
			defaultConfigurationName = Release;
		};
/* End XCConfigurationList section */
	};
	rootObject = 12808B782437A01E00059854 /* Project object */;
}
